{
    "name": "actions",
    "lockfileVersion": 3,
    "requires": true,
    "packages": {
        "": {
            "name": "actions",
            "dependencies": {
                "@tenderly/actions": "^0.2.0"
            },
            "devDependencies": {
                "@types/node": "^20.12.7",
                "typescript": "^4.3.5"
            }
        },
        "node_modules/@tenderly/actions": {
            "version": "0.2.48",
            "resolved": "https://registry.npmjs.org/@tenderly/actions/-/actions-0.2.48.tgz",
            "integrity": "sha512-+AVDTTgdyRnUglo/ftbuERrVbm1Th79jWwuVdWL6wO2MSbfBj3BchCurLrMDcK3tEYI20yXcrmS872VOT5u3cg=="
        },
        "node_modules/@types/node": {
            "version": "20.12.7",
            "resolved": "https://registry.npmjs.org/@types/node/-/node-20.12.7.tgz",
            "integrity": "sha512-wq0cICSkRLVaf3UGLMGItu/PtdY7oaXaI/RVU+xliKVOtRna3PRY57ZDfztpDL0n11vfymMUnXv8QwYCO7L1wg==",
            "dev": true,
            "dependencies": {
                "undici-types": "~5.26.4"
            }
        },
        "node_modules/typescript": {
            "version": "4.9.5",
            "resolved": "https://registry.npmjs.org/typescript/-/typescript-4.9.5.tgz",
            "integrity": "sha512-1FXk9E2Hm+QzZQ7z+McJiHL4NW1F2EzMu9Nq9i3zAaGqibafqYwCVU6WyWAuyQRRzOlxou8xZSyXLEN8oKj24g==",
            "dev": true,
            "bin": {
                "tsc": "bin/tsc",
                "tsserver": "bin/tsserver"
            },
            "engines": {
                "node": ">=4.2.0"
            }
        },
        "node_modules/undici-types": {
            "version": "5.26.5",
            "resolved": "https://registry.npmjs.org/undici-types/-/undici-types-5.26.5.tgz",
            "integrity": "sha512-JlCMO+ehdEIKqlFxk6IfVoAUVmgz7cU7zD/h9XZ0qzeosSHmUJVOzSQvvYSYWXkFXC+IfLKSIffhv0sVZup6pA==",
            "dev": true
        }
    }
}
